
Microsoft Visual Studio Solution File, Format Version 12.00
# Visual Studio Version 17
VisualStudioVersion = 17.5.33627.172
MinimumVisualStudioVersion = 10.0.40219.1
Project("{9A19103F-16F7-4668-BE54-9A1E7A4F7556}") = "Student.Api", "Student.Api.csproj", "{CC6C32E1-98F0-449C-B3B6-A24EC5ABDF9C}"
EndProject
Project("{2150E333-8FDC-42A3-9474-1A3956D46DE8}") = "MicroServices", "MicroServices", "{C4082809-5EAE-49C9-B4D7-A6DD0A604D0E}"
EndProject
Project("{2150E333-8FDC-42A3-9474-1A3956D46DE8}") = "StudentService", "StudentService", "{5F9F816B-C6AA-495E-ADF3-FB243BA9C524}"
EndProject
Project("{9A19103F-16F7-4668-BE54-9A1E7A4F7556}") = "Student.Domain", "..\Student.Domain\Student.Domain.csproj", "{0CEDDD9F-DA07-4AB7-B850-9A038FB3704D}"
EndProject
Project("{9A19103F-16F7-4668-BE54-9A1E7A4F7556}") = "Student.Repository", "..\Student.Repository\Student.Repository.csproj", "{661863E6-19B4-4B53-B11C-7CB74ADF311C}"
EndProject
Project("{2150E333-8FDC-42A3-9474-1A3956D46DE8}") = "SchoolService", "SchoolService", "{9CB9FB8E-16B8-495F-89B8-B819D6D6B762}"
EndProject
Project("{9A19103F-16F7-4668-BE54-9A1E7A4F7556}") = "School.Api", "..\School.Api\School.Api.csproj", "{35AEF680-7797-4038-A41F-5E2BB5AEE1A6}"
EndProject
Project("{9A19103F-16F7-4668-BE54-9A1E7A4F7556}") = "School.Repository", "..\School.Repository\School.Repository.csproj", "{D74FACC0-D514-4BB0-BEEB-851148127046}"
EndProject
Project("{9A19103F-16F7-4668-BE54-9A1E7A4F7556}") = "School.Service", "..\School.Service\School.Service.csproj", "{16104F4B-FA84-4CA6-8372-C6C2F6B74BAD}"
EndProject
Project("{9A19103F-16F7-4668-BE54-9A1E7A4F7556}") = "School.Domain", "..\School.Domain\School.Domain.csproj", "{D70519DC-C1D9-4735-8173-A9DBF14FE8B2}"
EndProject
Project("{9A19103F-16F7-4668-BE54-9A1E7A4F7556}") = "Student.Service", "..\Student.Service\Student.Service.csproj", "{8B0677D9-971B-4F16-B482-C06BF3D5818D}"
EndProject
Project("{2150E333-8FDC-42A3-9474-1A3956D46DE8}") = "Common", "Common", "{44C723BF-E9DC-4DA9-9308-75B5160E356A}"
EndProject
Project("{9A19103F-16F7-4668-BE54-9A1E7A4F7556}") = "Service", "..\Common.Service\Service.csproj", "{EB840D14-9BCE-490E-96D5-EB3793C13215}"
EndProject
Project("{9A19103F-16F7-4668-BE54-9A1E7A4F7556}") = "Repository", "..\Common.Repository\Repository.csproj", "{0A6316B9-BFAC-4687-8EB1-1AA11067B401}"
EndProject
Project("{9A19103F-16F7-4668-BE54-9A1E7A4F7556}") = "Domain", "..\Common.Domain\Domain.csproj", "{7CAC40E2-D0BE-4084-9ABD-0279515986C5}"
EndProject
Global
	GlobalSection(SolutionConfigurationPlatforms) = preSolution
		Debug|Any CPU = Debug|Any CPU
		Release|Any CPU = Release|Any CPU
	EndGlobalSection
	GlobalSection(ProjectConfigurationPlatforms) = postSolution
		{CC6C32E1-98F0-449C-B3B6-A24EC5ABDF9C}.Debug|Any CPU.ActiveCfg = Debug|Any CPU
		{CC6C32E1-98F0-449C-B3B6-A24EC5ABDF9C}.Debug|Any CPU.Build.0 = Debug|Any CPU
		{CC6C32E1-98F0-449C-B3B6-A24EC5ABDF9C}.Release|Any CPU.ActiveCfg = Release|Any CPU
		{CC6C32E1-98F0-449C-B3B6-A24EC5ABDF9C}.Release|Any CPU.Build.0 = Release|Any CPU
		{0CEDDD9F-DA07-4AB7-B850-9A038FB3704D}.Debug|Any CPU.ActiveCfg = Debug|Any CPU
		{0CEDDD9F-DA07-4AB7-B850-9A038FB3704D}.Debug|Any CPU.Build.0 = Debug|Any CPU
		{0CEDDD9F-DA07-4AB7-B850-9A038FB3704D}.Release|Any CPU.ActiveCfg = Release|Any CPU
		{0CEDDD9F-DA07-4AB7-B850-9A038FB3704D}.Release|Any CPU.Build.0 = Release|Any CPU
		{661863E6-19B4-4B53-B11C-7CB74ADF311C}.Debug|Any CPU.ActiveCfg = Debug|Any CPU
		{661863E6-19B4-4B53-B11C-7CB74ADF311C}.Debug|Any CPU.Build.0 = Debug|Any CPU
		{661863E6-19B4-4B53-B11C-7CB74ADF311C}.Release|Any CPU.ActiveCfg = Release|Any CPU
		{661863E6-19B4-4B53-B11C-7CB74ADF311C}.Release|Any CPU.Build.0 = Release|Any CPU
		{35AEF680-7797-4038-A41F-5E2BB5AEE1A6}.Debug|Any CPU.ActiveCfg = Debug|Any CPU
		{35AEF680-7797-4038-A41F-5E2BB5AEE1A6}.Debug|Any CPU.Build.0 = Debug|Any CPU
		{35AEF680-7797-4038-A41F-5E2BB5AEE1A6}.Release|Any CPU.ActiveCfg = Release|Any CPU
		{35AEF680-7797-4038-A41F-5E2BB5AEE1A6}.Release|Any CPU.Build.0 = Release|Any CPU
		{D74FACC0-D514-4BB0-BEEB-851148127046}.Debug|Any CPU.ActiveCfg = Debug|Any CPU
		{D74FACC0-D514-4BB0-BEEB-851148127046}.Debug|Any CPU.Build.0 = Debug|Any CPU
		{D74FACC0-D514-4BB0-BEEB-851148127046}.Release|Any CPU.ActiveCfg = Release|Any CPU
		{D74FACC0-D514-4BB0-BEEB-851148127046}.Release|Any CPU.Build.0 = Release|Any CPU
		{16104F4B-FA84-4CA6-8372-C6C2F6B74BAD}.Debug|Any CPU.ActiveCfg = Debug|Any CPU
		{16104F4B-FA84-4CA6-8372-C6C2F6B74BAD}.Debug|Any CPU.Build.0 = Debug|Any CPU
		{16104F4B-FA84-4CA6-8372-C6C2F6B74BAD}.Release|Any CPU.ActiveCfg = Release|Any CPU
		{16104F4B-FA84-4CA6-8372-C6C2F6B74BAD}.Release|Any CPU.Build.0 = Release|Any CPU
		{D70519DC-C1D9-4735-8173-A9DBF14FE8B2}.Debug|Any CPU.ActiveCfg = Debug|Any CPU
		{D70519DC-C1D9-4735-8173-A9DBF14FE8B2}.Debug|Any CPU.Build.0 = Debug|Any CPU
		{D70519DC-C1D9-4735-8173-A9DBF14FE8B2}.Release|Any CPU.ActiveCfg = Release|Any CPU
		{D70519DC-C1D9-4735-8173-A9DBF14FE8B2}.Release|Any CPU.Build.0 = Release|Any CPU
		{8B0677D9-971B-4F16-B482-C06BF3D5818D}.Debug|Any CPU.ActiveCfg = Debug|Any CPU
		{8B0677D9-971B-4F16-B482-C06BF3D5818D}.Debug|Any CPU.Build.0 = Debug|Any CPU
		{8B0677D9-971B-4F16-B482-C06BF3D5818D}.Release|Any CPU.ActiveCfg = Release|Any CPU
		{8B0677D9-971B-4F16-B482-C06BF3D5818D}.Release|Any CPU.Build.0 = Release|Any CPU
		{EB840D14-9BCE-490E-96D5-EB3793C13215}.Debug|Any CPU.ActiveCfg = Debug|Any CPU
		{EB840D14-9BCE-490E-96D5-EB3793C13215}.Debug|Any CPU.Build.0 = Debug|Any CPU
		{EB840D14-9BCE-490E-96D5-EB3793C13215}.Release|Any CPU.ActiveCfg = Release|Any CPU
		{EB840D14-9BCE-490E-96D5-EB3793C13215}.Release|Any CPU.Build.0 = Release|Any CPU
		{0A6316B9-BFAC-4687-8EB1-1AA11067B401}.Debug|Any CPU.ActiveCfg = Debug|Any CPU
		{0A6316B9-BFAC-4687-8EB1-1AA11067B401}.Debug|Any CPU.Build.0 = Debug|Any CPU
		{0A6316B9-BFAC-4687-8EB1-1AA11067B401}.Release|Any CPU.ActiveCfg = Release|Any CPU
		{0A6316B9-BFAC-4687-8EB1-1AA11067B401}.Release|Any CPU.Build.0 = Release|Any CPU
		{7CAC40E2-D0BE-4084-9ABD-0279515986C5}.Debug|Any CPU.ActiveCfg = Debug|Any CPU
		{7CAC40E2-D0BE-4084-9ABD-0279515986C5}.Debug|Any CPU.Build.0 = Debug|Any CPU
		{7CAC40E2-D0BE-4084-9ABD-0279515986C5}.Release|Any CPU.ActiveCfg = Release|Any CPU
		{7CAC40E2-D0BE-4084-9ABD-0279515986C5}.Release|Any CPU.Build.0 = Release|Any CPU
	EndGlobalSection
	GlobalSection(SolutionProperties) = preSolution
		HideSolutionNode = FALSE
	EndGlobalSection
	GlobalSection(NestedProjects) = preSolution
		{CC6C32E1-98F0-449C-B3B6-A24EC5ABDF9C} = {5F9F816B-C6AA-495E-ADF3-FB243BA9C524}
		{5F9F816B-C6AA-495E-ADF3-FB243BA9C524} = {C4082809-5EAE-49C9-B4D7-A6DD0A604D0E}
		{0CEDDD9F-DA07-4AB7-B850-9A038FB3704D} = {5F9F816B-C6AA-495E-ADF3-FB243BA9C524}
		{661863E6-19B4-4B53-B11C-7CB74ADF311C} = {5F9F816B-C6AA-495E-ADF3-FB243BA9C524}
		{9CB9FB8E-16B8-495F-89B8-B819D6D6B762} = {C4082809-5EAE-49C9-B4D7-A6DD0A604D0E}
		{35AEF680-7797-4038-A41F-5E2BB5AEE1A6} = {9CB9FB8E-16B8-495F-89B8-B819D6D6B762}
		{D74FACC0-D514-4BB0-BEEB-851148127046} = {9CB9FB8E-16B8-495F-89B8-B819D6D6B762}
		{16104F4B-FA84-4CA6-8372-C6C2F6B74BAD} = {9CB9FB8E-16B8-495F-89B8-B819D6D6B762}
		{D70519DC-C1D9-4735-8173-A9DBF14FE8B2} = {9CB9FB8E-16B8-495F-89B8-B819D6D6B762}
		{8B0677D9-971B-4F16-B482-C06BF3D5818D} = {5F9F816B-C6AA-495E-ADF3-FB243BA9C524}
		{EB840D14-9BCE-490E-96D5-EB3793C13215} = {44C723BF-E9DC-4DA9-9308-75B5160E356A}
		{0A6316B9-BFAC-4687-8EB1-1AA11067B401} = {44C723BF-E9DC-4DA9-9308-75B5160E356A}
		{7CAC40E2-D0BE-4084-9ABD-0279515986C5} = {44C723BF-E9DC-4DA9-9308-75B5160E356A}
	EndGlobalSection
	GlobalSection(ExtensibilityGlobals) = postSolution
		SolutionGuid = {96793191-9EB1-4DB0-A74F-86F1C4BA7AB2}
	EndGlobalSection
EndGlobal
